lockfileVersion: '9.0'

settings:
  autoInstallPeers: true
  excludeLinksFromLockfile: false

importers:

  .:
    devDependencies:
      '@webgpu/types':
        specifier: ^0.1.51
        version: 0.1.51

  apps/example-app:
    dependencies:
      example-module:
        specifier: workspace:0.0.0
        version: link:../../packages/example-module
      wesl-linker:
        specifier: workspace:0.0.0
        version: link:../../packages/wesl-linker

  packages/example-module: {}

  packages/wesl-linker: {}

packages:

  '@webgpu/types@0.1.51':
    resolution: {integrity: sha512-ktR3u64NPjwIViNCck+z9QeyN0iPkQCUOQ07ZCV1RzlkfP+olLTeEZ95O1QHS+v4w9vJeY9xj/uJuSphsHy5rQ==}

snapshots:

  '@webgpu/types@0.1.51': {}
